
Microsoft Visual Studio Solution File, Format Version 12.00
# Visual Studio 2012
Project("{8BC9CEB8-8B4A-11D0-8D11-00A0C91BC942}") = "GamChess", "GamChess\GamChess.vcxproj", "{B2DAFD8B-6379-4F89-ACB0-1F8B564A778A}"
EndProject
Global
	GlobalSection(SolutionConfigurationPlatforms) = preSolution
		Debug|Win32 = Debug|Win32
		Release|Win32 = Release|Win32
	EndGlobalSection
	GlobalSection(ProjectConfigurationPlatforms) = postSolution
		{B2DAFD8B-6379-4F89-ACB0-1F8B564A778A}.Debug|Win32.ActiveCfg = Debug|Win32
		{B2DAFD8B-6379-4F89-ACB0-1F8B564A778A}.Debug|Win32.Build.0 = Debug|Win32
		{B2DAFD8B-6379-4F89-ACB0-1F8B564A778A}.Release|Win32.ActiveCfg = Release|Win32
		{B2DAFD8B-6379-4F89-ACB0-1F8B564A778A}.Release|Win32.Build.0 = Release|Win32
	EndGlobalSection
	GlobalSection(SolutionProperties) = preSolution
		HideSolutionNode = FALSE
	EndGlobalSection
EndGlobal
