
Microsoft Visual Studio Solution File, Format Version 12.00
# Visual Studio 2012
Project("{FAE04EC0-301F-11D3-BF4B-00C04F79EFBC}") = "ComputerVision", "ComputerVision\ComputerVision.csproj", "{B0E132C6-343D-4CD6-B412-5D4EA320D99D}"
EndProject
Global
	GlobalSection(SolutionConfigurationPlatforms) = preSolution
		Debug|Any CPU = Debug|Any CPU
		Release|Any CPU = Release|Any CPU
	EndGlobalSection
	GlobalSection(ProjectConfigurationPlatforms) = postSolution
		{B0E132C6-343D-4CD6-B412-5D4EA320D99D}.Debug|Any CPU.ActiveCfg = Debug|Any CPU
		{B0E132C6-343D-4CD6-B412-5D4EA320D99D}.Debug|Any CPU.Build.0 = Debug|Any CPU
		{B0E132C6-343D-4CD6-B412-5D4EA320D99D}.Release|Any CPU.ActiveCfg = Release|Any CPU
		{B0E132C6-343D-4CD6-B412-5D4EA320D99D}.Release|Any CPU.Build.0 = Release|Any CPU
	EndGlobalSection
	GlobalSection(SolutionProperties) = preSolution
		HideSolutionNode = FALSE
	EndGlobalSection
EndGlobal
