
Microsoft Visual Studio Solution File, Format Version 12.00
# Visual Studio 2012
Project("{8BC9CEB8-8B4A-11D0-8D11-00A0C91BC942}") = "ConsoleApplication2", "ConsoleApplication2\ConsoleApplication2.vcxproj", "{34585450-6F72-4556-8414-9EBD0AC254DB}"
EndProject
Global
	GlobalSection(SolutionConfigurationPlatforms) = preSolution
		Debug|Win32 = Debug|Win32
		Release|Win32 = Release|Win32
	EndGlobalSection
	GlobalSection(ProjectConfigurationPlatforms) = postSolution
		{34585450-6F72-4556-8414-9EBD0AC254DB}.Debug|Win32.ActiveCfg = Debug|Win32
		{34585450-6F72-4556-8414-9EBD0AC254DB}.Debug|Win32.Build.0 = Debug|Win32
		{34585450-6F72-4556-8414-9EBD0AC254DB}.Release|Win32.ActiveCfg = Release|Win32
		{34585450-6F72-4556-8414-9EBD0AC254DB}.Release|Win32.Build.0 = Release|Win32
	EndGlobalSection
	GlobalSection(SolutionProperties) = preSolution
		HideSolutionNode = FALSE
	EndGlobalSection
EndGlobal
